
Microsoft Visual Studio Solution File, Format Version 12.00
# Visual Studio Version 17
VisualStudioVersion = 17.1.31911.260
MinimumVisualStudioVersion = 10.0.40219.1
Project("{9A19103F-16F7-4668-BE54-9A1E7A4F7556}") = "SqlToKustoTableGenerator", "SqlToKustoTableGenerator.csproj", "{34A3FE49-3FFE-49ED-A4CC-8E8C42B71C01}"
EndProject
Global
	GlobalSection(SolutionConfigurationPlatforms) = preSolution
		Debug|Any CPU = Debug|Any CPU
		Release|Any CPU = Release|Any CPU
	EndGlobalSection
	GlobalSection(ProjectConfigurationPlatforms) = postSolution
		{34A3FE49-3FFE-49ED-A4CC-8E8C42B71C01}.Debug|Any CPU.ActiveCfg = Debug|Any CPU
		{34A3FE49-3FFE-49ED-A4CC-8E8C42B71C01}.Debug|Any CPU.Build.0 = Debug|Any CPU
		{34A3FE49-3FFE-49ED-A4CC-8E8C42B71C01}.Release|Any CPU.ActiveCfg = Release|Any CPU
		{34A3FE49-3FFE-49ED-A4CC-8E8C42B71C01}.Release|Any CPU.Build.0 = Release|Any CPU
	EndGlobalSection
	GlobalSection(SolutionProperties) = preSolution
		HideSolutionNode = FALSE
	EndGlobalSection
	GlobalSection(ExtensibilityGlobals) = postSolution
		SolutionGuid = {4C21EB7F-AAC2-4703-921E-075CF1BCA757}
	EndGlobalSection
EndGlobal
